<?xml version="1.0" encoding="utf-8"?>
<Project ToolsVersion="4.0" xmlns="http://schemas.microsoft.com/developer/msbuild/2003">
  <ItemGroup>
    <FxCompile Include="PixelShader.hlsl">
      <Filter>Space Invaders\Arquivos de Sombreamento</Filter>
    </FxCompile>
    <FxCompile Include="VertexShader.hlsl">
      <Filter>Space Invaders\Arquivos de Sombreamento</Filter>
    </FxCompile>
  </ItemGroup>
  <ItemGroup>
    <ClCompile Include="Direct3D.cpp">
      <Filter>Engine\Arquivos de Origem</Filter>
    </ClCompile>
    <ClCompile Include="Engine.cpp">
      <Filter>Engine\Arquivos de Origem</Filter>
    </ClCompile>
    <ClCompile Include="FPS.cpp">
      <Filter>Engine\Arquivos de Origem</Filter>
    </ClCompile>
    <ClCompile Include="Game.cpp">
      <Filter>Engine\Arquivos de Origem</Filter>
    </ClCompile>
    <ClCompile Include="GameObject.cpp">
      <Filter>Engine\Arquivos de Origem</Filter>
    </ClCompile>
    <ClCompile Include="Img.cpp">
      <Filter>Engine\Arquivos de Origem</Filter>
    </ClCompile>
    <ClCompile Include="Renderer.cpp">
      <Filter>Engine\Arquivos de Origem</Filter>
    </ClCompile>
    <ClCompile Include="Scene.cpp">
      <Filter>Engine\Arquivos de Origem</Filter>
    </ClCompile>
    <ClCompile Include="Sprites.cpp">
      <Filter>Engine\Arquivos de Origem</Filter>
    </ClCompile>
    <ClCompile Include="Texture.cpp">
      <Filter>Engine\Arquivos de Origem</Filter>
    </ClCompile>
    <ClCompile Include="Window.cpp">
      <Filter>Engine\Arquivos de Origem</Filter>
    </ClCompile>
    <ClCompile Include="SpaceInvaders.cpp">
      <Filter>Space Invaders\Arquivos de Origem</Filter>
    </ClCompile>
    <ClCompile Include="Spaceship.cpp">
      <Filter>Space Invaders\Arquivos de Origem</Filter>
    </ClCompile>
    <ClCompile Include="SpaceShipShot.cpp">
      <Filter>Space Invaders\Arquivos de Origem</Filter>
    </ClCompile>
    <ClCompile Include="Geom.cpp">
      <Filter>Engine\Arquivos de Origem</Filter>
    </ClCompile>
    <ClCompile Include="Alien.cpp">
      <Filter>Space Invaders\Arquivos de Origem</Filter>
    </ClCompile>
  </ItemGroup>
  <ItemGroup>
    <ClInclude Include="Direct3D.h">
      <Filter>Engine\Arquivos de Cabeçalho</Filter>
    </ClInclude>
    <ClInclude Include="Engine.h">
      <Filter>Engine\Arquivos de Cabeçalho</Filter>
    </ClInclude>
    <ClInclude Include="FPS.h">
      <Filter>Engine\Arquivos de Cabeçalho</Filter>
    </ClInclude>
    <ClInclude Include="Game.h">
      <Filter>Engine\Arquivos de Cabeçalho</Filter>
    </ClInclude>
    <ClInclude Include="GameObject.h">
      <Filter>Engine\Arquivos de Cabeçalho</Filter>
    </ClInclude>
    <ClInclude Include="Img.h">
      <Filter>Engine\Arquivos de Cabeçalho</Filter>
    </ClInclude>
    <ClInclude Include="Renderer.h">
      <Filter>Engine\Arquivos de Cabeçalho</Filter>
    </ClInclude>
    <ClInclude Include="Scene.h">
      <Filter>Engine\Arquivos de Cabeçalho</Filter>
    </ClInclude>
    <ClInclude Include="Sprites.h">
      <Filter>Engine\Arquivos de Cabeçalho</Filter>
    </ClInclude>
    <ClInclude Include="Texture.h">
      <Filter>Engine\Arquivos de Cabeçalho</Filter>
    </ClInclude>
    <ClInclude Include="Window.h">
      <Filter>Engine\Arquivos de Cabeçalho</Filter>
    </ClInclude>
    <ClInclude Include="Graphics.h">
      <Filter>Space Invaders\Arquivos de Cabeçalho</Filter>
    </ClInclude>
    <ClInclude Include="SpaceInvaders.h">
      <Filter>Space Invaders\Arquivos de Cabeçalho</Filter>
    </ClInclude>
    <ClInclude Include="Spaceship.h">
      <Filter>Space Invaders\Arquivos de Cabeçalho</Filter>
    </ClInclude>
    <ClInclude Include="SpaceShipShot.h">
      <Filter>Space Invaders\Arquivos de Cabeçalho</Filter>
    </ClInclude>
    <ClInclude Include="Geom.h">
      <Filter>Engine\Arquivos de Cabeçalho</Filter>
    </ClInclude>
    <ClInclude Include="Alien.h">
      <Filter>Space Invaders\Arquivos de Cabeçalho</Filter>
    </ClInclude>
  </ItemGroup>
  <ItemGroup>
    <Filter Include="Engine">
      <UniqueIdentifier>{6930a24d-7449-4c2c-a37b-4cb5cdb89d4a}</UniqueIdentifier>
    </Filter>
    <Filter Include="Engine\Arquivos de Cabeçalho">
      <UniqueIdentifier>{528bcbd0-fd2a-4868-a9b5-d5036a6f973f}</UniqueIdentifier>
    </Filter>
    <Filter Include="Engine\Arquivos de Origem">
      <UniqueIdentifier>{47bcedb7-b640-40fc-b118-2aef4fc96783}</UniqueIdentifier>
    </Filter>
    <Filter Include="Space Invaders">
      <UniqueIdentifier>{f12a7caa-74e5-4cc9-ba01-389b477dd0c1}</UniqueIdentifier>
    </Filter>
    <Filter Include="Space Invaders\Arquivos de Cabeçalho">
      <UniqueIdentifier>{30d513ae-1284-4b77-a01b-afd79548caad}</UniqueIdentifier>
    </Filter>
    <Filter Include="Space Invaders\Arquivos de Origem">
      <UniqueIdentifier>{877618e1-b671-4f05-8a3c-cd234dabdc5a}</UniqueIdentifier>
    </Filter>
    <Filter Include="Space Invaders\Arquivos de Recurso">
      <UniqueIdentifier>{c112fcba-ea31-4afb-b9c0-0e685c85aacc}</UniqueIdentifier>
    </Filter>
    <Filter Include="Space Invaders\Arquivos de Sombreamento">
      <UniqueIdentifier>{223ff196-6289-4f91-a974-3f99c33cf7f1}</UniqueIdentifier>
    </Filter>
  </ItemGroup>
  <ItemGroup>
    <ResourceCompile Include="Graphics.rc">
      <Filter>Space Invaders\Arquivos de Recurso</Filter>
    </ResourceCompile>
  </ItemGroup>
</Project>